# This file is automatically @generated by Cargo.
# It is not intended for manual editing.
version = 3

[[package]]
name = "client"
version = "0.1.0"
dependencies = [
 "common",
]

[[package]]
name = "client-egui"
version = "0.1.0"
dependencies = [
 "client",
]

[[package]]
name = "client-web"
version = "0.1.0"
dependencies = [
 "client",
]

[[package]]
name = "common"
version = "0.1.0"
